
Microsoft Visual Studio Solution File, Format Version 12.00
# Visual Studio Version 17
VisualStudioVersion = 17.9.34723.18
MinimumVisualStudioVersion = 10.0.40219.1
Project("{FAE04EC0-301F-11D3-BF4B-00C04F79EFBC}") = "CISCProcessorLibrary", "CISCProcessorLibrary\CISCProcessorLibrary.csproj", "{821516B9-5E06-452A-90B6-E751E3ECB58A}"
EndProject
Project("{FAE04EC0-301F-11D3-BF4B-00C04F79EFBC}") = "Demo", "Demo\Demo.csproj", "{E4B86B58-91A5-4497-B1BA-0F653123FC89}"
EndProject
Global
	GlobalSection(SolutionConfigurationPlatforms) = preSolution
		Debug|Any CPU = Debug|Any CPU
		Release|Any CPU = Release|Any CPU
	EndGlobalSection
	GlobalSection(ProjectConfigurationPlatforms) = postSolution
		{821516B9-5E06-452A-90B6-E751E3ECB58A}.Debug|Any CPU.ActiveCfg = Debug|Any CPU
		{821516B9-5E06-452A-90B6-E751E3ECB58A}.Debug|Any CPU.Build.0 = Debug|Any CPU
		{821516B9-5E06-452A-90B6-E751E3ECB58A}.Release|Any CPU.ActiveCfg = Release|Any CPU
		{821516B9-5E06-452A-90B6-E751E3ECB58A}.Release|Any CPU.Build.0 = Release|Any CPU
		{E4B86B58-91A5-4497-B1BA-0F653123FC89}.Debug|Any CPU.ActiveCfg = Debug|Any CPU
		{E4B86B58-91A5-4497-B1BA-0F653123FC89}.Debug|Any CPU.Build.0 = Debug|Any CPU
		{E4B86B58-91A5-4497-B1BA-0F653123FC89}.Release|Any CPU.ActiveCfg = Release|Any CPU
		{E4B86B58-91A5-4497-B1BA-0F653123FC89}.Release|Any CPU.Build.0 = Release|Any CPU
	EndGlobalSection
	GlobalSection(SolutionProperties) = preSolution
		HideSolutionNode = FALSE
	EndGlobalSection
	GlobalSection(ExtensibilityGlobals) = postSolution
		SolutionGuid = {D6EB0AFB-7CCE-4687-97E9-52C370B3F678}
	EndGlobalSection
EndGlobal
